
Microsoft Visual Studio Solution File, Format Version 12.00
# Visual Studio Version 16
VisualStudioVersion = 16.0.29613.14
MinimumVisualStudioVersion = 10.0.40219.1
Project("{FAE04EC0-301F-11D3-BF4B-00C04F79EFBC}") = "TextureUnpacker", "TextureUnpacker.csproj", "{AC47011E-B20D-445A-8543-D138EE439919}"
EndProject
Global
	GlobalSection(SolutionConfigurationPlatforms) = preSolution
		Debug|Any CPU = Debug|Any CPU
		Release|Any CPU = Release|Any CPU
	EndGlobalSection
	GlobalSection(ProjectConfigurationPlatforms) = postSolution
		{AC47011E-B20D-445A-8543-D138EE439919}.Debug|Any CPU.ActiveCfg = Debug|Any CPU
		{AC47011E-B20D-445A-8543-D138EE439919}.Debug|Any CPU.Build.0 = Debug|Any CPU
		{AC47011E-B20D-445A-8543-D138EE439919}.Release|Any CPU.ActiveCfg = Release|Any CPU
		{AC47011E-B20D-445A-8543-D138EE439919}.Release|Any CPU.Build.0 = Release|Any CPU
	EndGlobalSection
	GlobalSection(SolutionProperties) = preSolution
		HideSolutionNode = FALSE
	EndGlobalSection
	GlobalSection(ExtensibilityGlobals) = postSolution
		SolutionGuid = {D37176ED-9666-4A18-B9A9-786453AD3A9E}
	EndGlobalSection
EndGlobal
